
Microsoft Visual Studio Solution File, Format Version 12.00
# Visual Studio Version 16
VisualStudioVersion = 16.0.30621.155
MinimumVisualStudioVersion = 10.0.40219.1
Project("{FAE04EC0-301F-11D3-BF4B-00C04F79EFBC}") = "CICDDemo", "CICDDemo\CICDDemo.csproj", "{70038841-BA5D-4DC9-A47E-B5EB63BF5427}"
EndProject
Global
	GlobalSection(SolutionConfigurationPlatforms) = preSolution
		Debug|Any CPU = Debug|Any CPU
		Release|Any CPU = Release|Any CPU
	EndGlobalSection
	GlobalSection(ProjectConfigurationPlatforms) = postSolution
		{70038841-BA5D-4DC9-A47E-B5EB63BF5427}.Debug|Any CPU.ActiveCfg = Debug|Any CPU
		{70038841-BA5D-4DC9-A47E-B5EB63BF5427}.Debug|Any CPU.Build.0 = Debug|Any CPU
		{70038841-BA5D-4DC9-A47E-B5EB63BF5427}.Release|Any CPU.ActiveCfg = Release|Any CPU
		{70038841-BA5D-4DC9-A47E-B5EB63BF5427}.Release|Any CPU.Build.0 = Release|Any CPU
	EndGlobalSection
	GlobalSection(SolutionProperties) = preSolution
		HideSolutionNode = FALSE
	EndGlobalSection
	GlobalSection(ExtensibilityGlobals) = postSolution
		SolutionGuid = {E7F0EFCE-9926-410E-A59E-AEAB660EFE25}
	EndGlobalSection
EndGlobal
